
Microsoft Visual Studio Solution File, Format Version 11.00
# Visual Studio 2010
Project("{FAE04EC0-301F-11D3-BF4B-00C04F79EFBC}") = "DynamicProgramming", "DynamicProgramming\DynamicProgramming.csproj", "{89F8F271-039C-4C5E-A7E8-CA2BF0938921}"
EndProject
Global
	GlobalSection(SolutionConfigurationPlatforms) = preSolution
		Debug|x86 = Debug|x86
		Release|x86 = Release|x86
	EndGlobalSection
	GlobalSection(ProjectConfigurationPlatforms) = postSolution
		{89F8F271-039C-4C5E-A7E8-CA2BF0938921}.Debug|x86.ActiveCfg = Debug|x86
		{89F8F271-039C-4C5E-A7E8-CA2BF0938921}.Debug|x86.Build.0 = Debug|x86
		{89F8F271-039C-4C5E-A7E8-CA2BF0938921}.Release|x86.ActiveCfg = Release|x86
		{89F8F271-039C-4C5E-A7E8-CA2BF0938921}.Release|x86.Build.0 = Release|x86
	EndGlobalSection
	GlobalSection(SolutionProperties) = preSolution
		HideSolutionNode = FALSE
	EndGlobalSection
EndGlobal
